{
  "name": "@bramus/calculate-specificity",
  "version": "1.0.0",
  "lockfileVersion": 2,
  "requires": true,
  "packages": {
    "": {
      "name": "@bramus/calculate-specificity",
      "version": "1.0.0",
      "license": "MIT",
      "dependencies": {
        "css-tree": "^2.0.4"
      }
    },
    "node_modules/css-tree": {
      "version": "2.0.4",
      "resolved": "https://registry.npmjs.org/css-tree/-/css-tree-2.0.4.tgz",
      "integrity": "sha512-b4IS9ZUMtGBiNjzYbcj9JhYbyei99R3ai2CSxlu8GQDnoPA/P+NU85hAm0eKDc/Zp660rpK6tFJQ2OSdacMHVg==",
      "dependencies": {
        "mdn-data": "2.0.23",
        "source-map-js": "^1.0.1"
      },
      "engines": {
        "node": "^10 || ^12.20.0 || ^14.13.0 || >=15.0.0",
        "npm": ">=7.0.0"
      }
    },
    "node_modules/mdn-data": {
      "version": "2.0.23",
      "resolved": "https://registry.npmjs.org/mdn-data/-/mdn-data-2.0.23.tgz",
      "integrity": "sha512-IonVb7pfla2U4zW8rc7XGrtgq11BvYeCxWN8HS+KFBnLDE7XDK9AAMVhRuG6fj9BBsjc69Fqsp6WEActEdNTDQ=="
    },
    "node_modules/source-map-js": {
      "version": "1.0.2",
      "resolved": "https://registry.npmjs.org/source-map-js/-/source-map-js-1.0.2.tgz",
      "integrity": "sha512-R0XvVJ9WusLiqTCEiGCmICCMplcCkIwwR11mOSD9CR5u+IXYdiseeEuXCVAjS54zqwkLcPNnmU4OeJ6tUrWhDw==",
      "engines": {
        "node": ">=0.10.0"
      }
    }
  },
  "dependencies": {
    "css-tree": {
      "version": "2.0.4",
      "resolved": "https://registry.npmjs.org/css-tree/-/css-tree-2.0.4.tgz",
      "integrity": "sha512-b4IS9ZUMtGBiNjzYbcj9JhYbyei99R3ai2CSxlu8GQDnoPA/P+NU85hAm0eKDc/Zp660rpK6tFJQ2OSdacMHVg==",
      "requires": {
        "mdn-data": "2.0.23",
        "source-map-js": "^1.0.1"
      }
    },
    "mdn-data": {
      "version": "2.0.23",
      "resolved": "https://registry.npmjs.org/mdn-data/-/mdn-data-2.0.23.tgz",
      "integrity": "sha512-IonVb7pfla2U4zW8rc7XGrtgq11BvYeCxWN8HS+KFBnLDE7XDK9AAMVhRuG6fj9BBsjc69Fqsp6WEActEdNTDQ=="
    },
    "source-map-js": {
      "version": "1.0.2",
      "resolved": "https://registry.npmjs.org/source-map-js/-/source-map-js-1.0.2.tgz",
      "integrity": "sha512-R0XvVJ9WusLiqTCEiGCmICCMplcCkIwwR11mOSD9CR5u+IXYdiseeEuXCVAjS54zqwkLcPNnmU4OeJ6tUrWhDw=="
    }
  }
}
